
Microsoft Visual Studio Solution File, Format Version 12.00
# Visual Studio Version 17
VisualStudioVersion = 17.9.34723.18
MinimumVisualStudioVersion = 10.0.40219.1
Project("{FAE04EC0-301F-11D3-BF4B-00C04F79EFBC}") = "ReportingApplication", "ReportingApplication\ReportingApplication.csproj", "{83E0E19B-B2A8-4BF6-BE6D-21ADC8A56A25}"
EndProject
Global
	GlobalSection(SolutionConfigurationPlatforms) = preSolution
		Debug|Any CPU = Debug|Any CPU
		Release|Any CPU = Release|Any CPU
	EndGlobalSection
	GlobalSection(ProjectConfigurationPlatforms) = postSolution
		{83E0E19B-B2A8-4BF6-BE6D-21ADC8A56A25}.Debug|Any CPU.ActiveCfg = Debug|Any CPU
		{83E0E19B-B2A8-4BF6-BE6D-21ADC8A56A25}.Debug|Any CPU.Build.0 = Debug|Any CPU
		{83E0E19B-B2A8-4BF6-BE6D-21ADC8A56A25}.Release|Any CPU.ActiveCfg = Release|Any CPU
		{83E0E19B-B2A8-4BF6-BE6D-21ADC8A56A25}.Release|Any CPU.Build.0 = Release|Any CPU
	EndGlobalSection
	GlobalSection(SolutionProperties) = preSolution
		HideSolutionNode = FALSE
	EndGlobalSection
	GlobalSection(ExtensibilityGlobals) = postSolution
		SolutionGuid = {AF2CD673-B1DC-48B0-BEAA-FF9B3573CAD6}
	EndGlobalSection
EndGlobal
